
Microsoft Visual Studio Solution File, Format Version 12.00
# Visual Studio Version 17
VisualStudioVersion = 17.3.32825.248
MinimumVisualStudioVersion = 10.0.40219.1
Project("{FAE04EC0-301F-11D3-BF4B-00C04F79EFBC}") = "Q1", "Q1.csproj", "{23797F97-0F5C-428B-B35D-9406CCB09733}"
EndProject
Global
	GlobalSection(SolutionConfigurationPlatforms) = preSolution
		Debug|Any CPU = Debug|Any CPU
		Release|Any CPU = Release|Any CPU
	EndGlobalSection
	GlobalSection(ProjectConfigurationPlatforms) = postSolution
		{23797F97-0F5C-428B-B35D-9406CCB09733}.Debug|Any CPU.ActiveCfg = Debug|Any CPU
		{23797F97-0F5C-428B-B35D-9406CCB09733}.Debug|Any CPU.Build.0 = Debug|Any CPU
		{23797F97-0F5C-428B-B35D-9406CCB09733}.Release|Any CPU.ActiveCfg = Release|Any CPU
		{23797F97-0F5C-428B-B35D-9406CCB09733}.Release|Any CPU.Build.0 = Release|Any CPU
	EndGlobalSection
	GlobalSection(SolutionProperties) = preSolution
		HideSolutionNode = FALSE
	EndGlobalSection
	GlobalSection(ExtensibilityGlobals) = postSolution
		SolutionGuid = {1AC3F8B0-A289-444E-82DC-6266C86CEB53}
	EndGlobalSection
EndGlobal
